
Microsoft Visual Studio Solution File, Format Version 12.00
# Visual Studio Version 16
VisualStudioVersion = 16.0.31729.503
MinimumVisualStudioVersion = 10.0.40219.1
Project("{FAE04EC0-301F-11D3-BF4B-00C04F79EFBC}") = "AracKiraSistemi.MVC", "AracKiraSistemi\AracKiraSistemi.MVC.csproj", "{5C711C61-25D9-47E6-BEA9-E2F9858DFD6D}"
EndProject
Project("{FAE04EC0-301F-11D3-BF4B-00C04F79EFBC}") = "AracKiraSistemi.Entities", "AracKiraSistemi.Entities\AracKiraSistemi.Entities.csproj", "{D98FA216-4C05-4033-BE15-2306049DF696}"
EndProject
Global
	GlobalSection(SolutionConfigurationPlatforms) = preSolution
		Debug|Any CPU = Debug|Any CPU
		Release|Any CPU = Release|Any CPU
	EndGlobalSection
	GlobalSection(ProjectConfigurationPlatforms) = postSolution
		{5C711C61-25D9-47E6-BEA9-E2F9858DFD6D}.Debug|Any CPU.ActiveCfg = Debug|Any CPU
		{5C711C61-25D9-47E6-BEA9-E2F9858DFD6D}.Debug|Any CPU.Build.0 = Debug|Any CPU
		{5C711C61-25D9-47E6-BEA9-E2F9858DFD6D}.Release|Any CPU.ActiveCfg = Release|Any CPU
		{5C711C61-25D9-47E6-BEA9-E2F9858DFD6D}.Release|Any CPU.Build.0 = Release|Any CPU
		{D98FA216-4C05-4033-BE15-2306049DF696}.Debug|Any CPU.ActiveCfg = Debug|Any CPU
		{D98FA216-4C05-4033-BE15-2306049DF696}.Debug|Any CPU.Build.0 = Debug|Any CPU
		{D98FA216-4C05-4033-BE15-2306049DF696}.Release|Any CPU.ActiveCfg = Release|Any CPU
		{D98FA216-4C05-4033-BE15-2306049DF696}.Release|Any CPU.Build.0 = Release|Any CPU
	EndGlobalSection
	GlobalSection(SolutionProperties) = preSolution
		HideSolutionNode = FALSE
	EndGlobalSection
	GlobalSection(ExtensibilityGlobals) = postSolution
		SolutionGuid = {F9E5FF20-C9DE-4E22-A937-4814C76512A2}
	EndGlobalSection
EndGlobal
